<Solution>
  <Folder Name="/AuthService/">
    <Project Path="src/AuthService/AuthService.Api/AuthService.Api.csproj" />
    <Project Path="src/AuthService/AuthService.Application/AuthService.Contracts.csproj" Id="b6bfd3ac-5f14-4a81-ae2c-ab08a9e107ba" />
    <Project Path="src/AuthService/AuthService.Domain/AuthService.Domain.csproj" Id="1a944719-6a84-4e94-974b-c02a49982082" />
    <Project Path="src/AuthService/AuthService.Infrastructure.Identity/AuthService.Infrastructure.Identity.csproj" Id="ba9dfb3c-a353-4ac0-9dcb-ba5c11af701a" />
    <Project Path="src/AuthService/AuthService.Infrastructure.Tests/AuthService.Infrastructure.Tests.csproj" Id="d4001974-ed49-4baa-94be-8c306e9edd52" />
    <Project Path="src/AuthService/AuthService.Infrastructure/AuthService.Infrastructure.csproj" Id="b4b846dc-1a62-4aa8-bcfe-29dddee6d948" />
  </Folder>
  <Folder Name="/Services/">
    <Project Path="src/Services/Core/Core.csproj" Id="2a79f98e-2ff9-46d1-b4f4-d549e4f61eb9" />
    <Project Path="src/Services/Messaging/Messaging.csproj" />
    <Project Path="src/Services/OperationResults/OperationResults.csproj" Id="64913e57-311a-4e5c-85fe-52543c0ad7c2" />
    <Project Path="src/Services/Serialization.Tests/Serialization.Tests.csproj" />
    <Project Path="src/Services/Serialization/Serialization.csproj" />
    <Project Path="src/Services/Validation/Validation.csproj" Id="58e5ad9c-c5f1-4f24-ba16-fe7f81f99e1a" />
  </Folder>
  <Project Path="src/NexusCore.AppHost/NexusCore.AppHost.csproj" />
  <Project Path="src/NexusCore.ServiceDefaults/NexusCore.ServiceDefaults.csproj" />
  <Project Path="src/NexusCore/NexusCore.csproj" />
</Solution>
